
Microsoft Visual Studio Solution File, Format Version 12.00
# Visual Studio Version 16
VisualStudioVersion = 16.0.31005.135
MinimumVisualStudioVersion = 10.0.40219.1
Project("{FAE04EC0-301F-11D3-BF4B-00C04F79EFBC}") = "ApartmentsSales", "ApartmentsSales\ApartmentsSales.csproj", "{DD0CFE1E-B5E2-4A90-B741-6DD854E9A690}"
EndProject
Global
	GlobalSection(SolutionConfigurationPlatforms) = preSolution
		Debug|Any CPU = Debug|Any CPU
		Release|Any CPU = Release|Any CPU
	EndGlobalSection
	GlobalSection(ProjectConfigurationPlatforms) = postSolution
		{DD0CFE1E-B5E2-4A90-B741-6DD854E9A690}.Debug|Any CPU.ActiveCfg = Debug|Any CPU
		{DD0CFE1E-B5E2-4A90-B741-6DD854E9A690}.Debug|Any CPU.Build.0 = Debug|Any CPU
		{DD0CFE1E-B5E2-4A90-B741-6DD854E9A690}.Release|Any CPU.ActiveCfg = Release|Any CPU
		{DD0CFE1E-B5E2-4A90-B741-6DD854E9A690}.Release|Any CPU.Build.0 = Release|Any CPU
	EndGlobalSection
	GlobalSection(SolutionProperties) = preSolution
		HideSolutionNode = FALSE
	EndGlobalSection
	GlobalSection(ExtensibilityGlobals) = postSolution
		SolutionGuid = {E48996B2-1139-4865-9851-4D7BD822D368}
	EndGlobalSection
EndGlobal
